{
  "name": "yilantong_uniapp",
  "lockfileVersion": 3,
  "requires": true,
  "packages": {
    "": {
      "dependencies": {
        "image-tools": "^1.4.0",
        "uview-ui": "^1.8.8"
      }
    },
    "node_modules/image-tools": {
      "version": "1.4.0",
      "resolved": "https://registry.npmmirror.com/image-tools/-/image-tools-1.4.0.tgz",
      "integrity": "sha512-TKtvJ6iUwM0mfaD4keMnk1ENHFC470QEjBfA3IlvKdEOufzvWbjbaoNcoyYq6HlViF8+d5tOS1ooE6j7CHf1lQ=="
    },
    "node_modules/uview-ui": {
      "version": "1.8.8",
      "resolved": "https://registry.npmmirror.com/uview-ui/-/uview-ui-1.8.8.tgz",
      "integrity": "sha512-Osal3yzXiHor0In9OPTZuXTaqTbDglMZ9RGK/MPYDoQQs+y0hrBCUD0Xp5T70C8i2lLu2X6Z11zJhmsQWMR7Jg=="
    }
  }
}
